
Microsoft Visual Studio Solution File, Format Version 12.00
# Visual Studio 15
VisualStudioVersion = 15.0.27703.2042
MinimumVisualStudioVersion = 10.0.40219.1
Project("{8BC9CEB8-8B4A-11D0-8D11-00A0C91BC942}") = "Learnoran", "Learnoran\Learnoran.vcxproj", "{3053B6C7-765D-4F82-B74D-AF197DDF8E9B}"
EndProject
Global
	GlobalSection(SolutionConfigurationPlatforms) = preSolution
		Debug|x64 = Debug|x64
		Release|x64 = Release|x64
	EndGlobalSection
	GlobalSection(ProjectConfigurationPlatforms) = postSolution
		{3053B6C7-765D-4F82-B74D-AF197DDF8E9B}.Debug|x64.ActiveCfg = Debug|x64
		{3053B6C7-765D-4F82-B74D-AF197DDF8E9B}.Debug|x64.Build.0 = Debug|x64
		{3053B6C7-765D-4F82-B74D-AF197DDF8E9B}.Release|x64.ActiveCfg = Release|x64
		{3053B6C7-765D-4F82-B74D-AF197DDF8E9B}.Release|x64.Build.0 = Release|x64
	EndGlobalSection
	GlobalSection(SolutionProperties) = preSolution
		HideSolutionNode = FALSE
	EndGlobalSection
	GlobalSection(ExtensibilityGlobals) = postSolution
		SolutionGuid = {A490540B-713E-4047-8BED-08862203E9FF}
	EndGlobalSection
EndGlobal
